Microsoft Visual Studio Solution File, Format Version 12.00
# Visual Studio Version 17
VisualStudioVersion = 17.5.2.0
MinimumVisualStudioVersion = 10.0.40219.1
Project("{FAE04EC0-301F-11D3-BF4B-00C04F79EFBC}") = "WindowsTaskbarApp", "WindowsTaskbarApp\WindowsTaskbarApp.csproj", "{835B9FEB-7C52-7368-C82F-9C007344F53A}"
EndProject
Global
	GlobalSection(SolutionConfigurationPlatforms) = preSolution
		Debug|Any CPU = Debug|Any CPU
		Release|Any CPU = Release|Any CPU
	EndGlobalSection
	GlobalSection(ProjectConfigurationPlatforms) = postSolution
		{835B9FEB-7C52-7368-C82F-9C007344F53A}.Debug|Any CPU.ActiveCfg = Debug|Any CPU
		{835B9FEB-7C52-7368-C82F-9C007344F53A}.Debug|Any CPU.Build.0 = Debug|Any CPU
		{835B9FEB-7C52-7368-C82F-9C007344F53A}.Release|Any CPU.ActiveCfg = Release|Any CPU
		{835B9FEB-7C52-7368-C82F-9C007344F53A}.Release|Any CPU.Build.0 = Release|Any CPU
	EndGlobalSection
	GlobalSection(SolutionProperties) = preSolution
		HideSolutionNode = FALSE
	EndGlobalSection
	GlobalSection(ExtensibilityGlobals) = postSolution
		SolutionGuid = {91512C47-0355-428A-AD0E-539920F03B57}
	EndGlobalSection
EndGlobal
